
Microsoft Visual Studio Solution File, Format Version 11.00
# Visual Studio 2010
Project("{2150E333-8FDC-42A3-9474-1A3956D46DE8}") = "Solution Items", "Solution Items", "{273FF589-DE8E-4C86-A39E-FB14A6AF5261}"
	ProjectSection(SolutionItems) = preProject
		Solution Items\License.txt = Solution Items\License.txt
	EndProjectSection
EndProject
Project("{2150E333-8FDC-42A3-9474-1A3956D46DE8}") = "1. Presentation Layer", "1. Presentation Layer", "{21FA1399-420C-41E7-97AB-1303D0CF45E3}"
EndProject
Project("{2150E333-8FDC-42A3-9474-1A3956D46DE8}") = "3. Service Layer", "3. Service Layer", "{B50905E4-7868-40D0-A1FE-9E697318C824}"
EndProject
Project("{2150E333-8FDC-42A3-9474-1A3956D46DE8}") = "4. Business Layer", "4. Business Layer", "{BED482CD-D7D7-4CC7-B0C6-11A30916F2C1}"
EndProject
Project("{2150E333-8FDC-42A3-9474-1A3956D46DE8}") = "5. Data Layer", "5. Data Layer", "{E2DF3D1A-BE80-42CD-A533-15442B320C25}"
EndProject
Project("{2150E333-8FDC-42A3-9474-1A3956D46DE8}") = "Framework", "Framework", "{12D34011-0137-4A9A-B0C1-7DFFB572E35D}"
EndProject
Project("{2150E333-8FDC-42A3-9474-1A3956D46DE8}") = "ASP.NET Web Forms", "ASP.NET Web Forms", "{EFB929D0-CE24-4BE1-8CE9-52F14558C8F7}"
EndProject
Project("{2150E333-8FDC-42A3-9474-1A3956D46DE8}") = "Windows Forms", "Windows Forms", "{C5CB1D1D-EC9E-4FA1-B72B-703B8A812081}"
EndProject
Project("{2150E333-8FDC-42A3-9474-1A3956D46DE8}") = "WPF", "WPF", "{A1AD627E-4821-4185-9AE6-228AD12023A5}"
EndProject
Project("{2150E333-8FDC-42A3-9474-1A3956D46DE8}") = "2. Hosting Layer", "2. Hosting Layer", "{0592114A-502C-410E-9887-949B6C7A4D70}"
EndProject
Project("{2150E333-8FDC-42A3-9474-1A3956D46DE8}") = "Sql Server", "Sql Server", "{AA7AFAF5-2C8A-49BC-9978-26ED3F870417}"
	ProjectSection(SolutionItems) = preProject
		Solution Items\Sql Server\Action.sql = Solution Items\Sql Server\Action.sql
		Solution Items\Sql Server\Aspnetdb.sql = Solution Items\Sql Server\Aspnetdb.sql
	EndProjectSection
EndProject
Project("{FAE04EC0-301F-11D3-BF4B-00C04F79EFBC}") = "Data Objects", "DataObjects\Data Objects.csproj", "{552A9A1E-2D11-4D2C-B88A-7D318E0E9BF4}"
EndProject
Project("{FAE04EC0-301F-11D3-BF4B-00C04F79EFBC}") = "Business Objects", "BusinessObjects\Business Objects.csproj", "{542EFC95-C2E9-4C6D-B35C-E221F01D38AE}"
EndProject
Project("{FAE04EC0-301F-11D3-BF4B-00C04F79EFBC}") = "Action Service", "ActionService\Action Service.csproj", "{30EB3C29-0AD3-4894-A8F5-4E9FB03A25C9}"
EndProject
Project("{FAE04EC0-301F-11D3-BF4B-00C04F79EFBC}") = "Image Service", "ImageService\Image Service.csproj", "{C6EB34E8-2D2E-4405-BE3A-6F7B822B92EB}"
EndProject
Project("{FAE04EC0-301F-11D3-BF4B-00C04F79EFBC}") = "ASP.NET Web Forms Application", "ASPNETWebApplication\ASP.NET Web Forms Application.csproj", "{F70D100C-9A11-42A4-93A7-47A844694D50}"
	ProjectSection(ProjectDependencies) = postProject
		{39203931-67F5-411F-AE13-2F817081B4D6} = {39203931-67F5-411F-AE13-2F817081B4D6}
		{DBDD30E4-E1FA-49F8-8A38-F8DF3E9E0D1D} = {DBDD30E4-E1FA-49F8-8A38-F8DF3E9E0D1D}
	EndProjectSection
EndProject
Project("{FAE04EC0-301F-11D3-BF4B-00C04F79EFBC}") = "Windows Forms Application", "WindowsFormsApplication\Windows Forms Application.csproj", "{4480950E-7BF7-4845-8E87-0F9F83E1746D}"
EndProject
Project("{FAE04EC0-301F-11D3-BF4B-00C04F79EFBC}") = "WPF Application", "WPFApplication\WPF Application.csproj", "{051BDAAB-6AB7-4D12-A4CC-A723280281CD}"
EndProject
Project("{FAE04EC0-301F-11D3-BF4B-00C04F79EFBC}") = "Cart", "Cart\Cart.csproj", "{78B9B198-7E2D-480B-8E0D-F195BD1C94F7}"
EndProject
Project("{FAE04EC0-301F-11D3-BF4B-00C04F79EFBC}") = "Log", "Log\Log.csproj", "{09C53720-C84B-4462-A2C1-604E9DD0FCBD}"
EndProject
Project("{FAE04EC0-301F-11D3-BF4B-00C04F79EFBC}") = "Encryption", "Encryption\Encryption.csproj", "{C7668E19-E679-4FE4-8BBF-22C0131432B3}"
EndProject
Project("{FAE04EC0-301F-11D3-BF4B-00C04F79EFBC}") = "Transactions", "Transactions\Transactions.csproj", "{D3320461-8502-4838-806F-8A8E328F2B5F}"
EndProject
Project("{FAE04EC0-301F-11D3-BF4B-00C04F79EFBC}") = "Windows Forms Model", "WindowsFormsModel\Windows Forms Model.csproj", "{E9A68F77-E061-4535-9F71-E6028F520D3F}"
	ProjectSection(ProjectDependencies) = postProject
		{39203931-67F5-411F-AE13-2F817081B4D6} = {39203931-67F5-411F-AE13-2F817081B4D6}
	EndProjectSection
EndProject
Project("{FAE04EC0-301F-11D3-BF4B-00C04F79EFBC}") = "Windows Forms Presenter", "WindowsFormsPresenter\Windows Forms Presenter.csproj", "{F178D8FB-9CC2-401F-995C-F24170A5966D}"
EndProject
Project("{FAE04EC0-301F-11D3-BF4B-00C04F79EFBC}") = "WPF Model", "WPFModel\WPF Model.csproj", "{B8F7CC54-E356-4D11-B2D7-F72DE478F148}"
	ProjectSection(ProjectDependencies) = postProject
		{39203931-67F5-411F-AE13-2F817081B4D6} = {39203931-67F5-411F-AE13-2F817081B4D6}
	EndProjectSection
EndProject
Project("{FAE04EC0-301F-11D3-BF4B-00C04F79EFBC}") = "WPF ViewModel", "WPFViewModel\WPF ViewModel.csproj", "{8DD41B96-C538-4647-868D-CAEE10DE79E7}"
EndProject
Project("{FAE04EC0-301F-11D3-BF4B-00C04F79EFBC}") = "WCF.ActionServer", "Host.WCF.ActionServer\WCF.ActionServer.csproj", "{39203931-67F5-411F-AE13-2F817081B4D6}"
EndProject
Project("{FAE04EC0-301F-11D3-BF4B-00C04F79EFBC}") = "WCF.ImageServer", "Host.WCF.ImageServer\WCF.ImageServer.csproj", "{DBDD30E4-E1FA-49F8-8A38-F8DF3E9E0D1D}"
EndProject
Project("{FAE04EC0-301F-11D3-BF4B-00C04F79EFBC}") = "Windows Forms View", "WindowsFormsView\Windows Forms View.csproj", "{D08D28FC-28A7-4596-93D1-00D7EB40863E}"
EndProject
Project("{2150E333-8FDC-42A3-9474-1A3956D46DE8}") = "ASP.NET MVC", "ASP.NET MVC", "{8BC8963B-FF5F-4394-B58C-B4C70A3760EE}"
EndProject
Project("{FAE04EC0-301F-11D3-BF4B-00C04F79EFBC}") = "ASP.NET MVC Application", "ASPNETMVCApplication\ASP.NET MVC Application.csproj", "{42BE8545-C8C0-43EB-8073-5C3E327C704F}"
	ProjectSection(ProjectDependencies) = postProject
		{39203931-67F5-411F-AE13-2F817081B4D6} = {39203931-67F5-411F-AE13-2F817081B4D6}
		{DBDD30E4-E1FA-49F8-8A38-F8DF3E9E0D1D} = {DBDD30E4-E1FA-49F8-8A38-F8DF3E9E0D1D}
	EndProjectSection
EndProject
Project("{FAE04EC0-301F-11D3-BF4B-00C04F79EFBC}") = "ASP.NET MVC Application.Tests", "ASPNETMVCApplication.Tests\ASP.NET MVC Application.Tests.csproj", "{3EE22168-AACA-4032-80E8-A6A83F5A09B5}"
EndProject
Global
	GlobalSection(SolutionConfigurationPlatforms) = preSolution
		Debug|Any CPU = Debug|Any CPU
		Debug|Mixed Platforms = Debug|Mixed Platforms
		Debug|x86 = Debug|x86
		Release|Any CPU = Release|Any CPU
		Release|Mixed Platforms = Release|Mixed Platforms
		Release|x86 = Release|x86
	EndGlobalSection
	GlobalSection(ProjectConfigurationPlatforms) = postSolution
		{552A9A1E-2D11-4D2C-B88A-7D318E0E9BF4}.Debug|Any CPU.ActiveCfg = Debug|Any CPU
		{552A9A1E-2D11-4D2C-B88A-7D318E0E9BF4}.Debug|Any CPU.Build.0 = Debug|Any CPU
		{552A9A1E-2D11-4D2C-B88A-7D318E0E9BF4}.Debug|Mixed Platforms.ActiveCfg = Debug|Any CPU
		{552A9A1E-2D11-4D2C-B88A-7D318E0E9BF4}.Debug|Mixed Platforms.Build.0 = Debug|Any CPU
		{552A9A1E-2D11-4D2C-B88A-7D318E0E9BF4}.Debug|x86.ActiveCfg = Debug|Any CPU
		{552A9A1E-2D11-4D2C-B88A-7D318E0E9BF4}.Release|Any CPU.ActiveCfg = Release|Any CPU
		{552A9A1E-2D11-4D2C-B88A-7D318E0E9BF4}.Release|Any CPU.Build.0 = Release|Any CPU
		{552A9A1E-2D11-4D2C-B88A-7D318E0E9BF4}.Release|Mixed Platforms.ActiveCfg = Release|Any CPU
		{552A9A1E-2D11-4D2C-B88A-7D318E0E9BF4}.Release|Mixed Platforms.Build.0 = Release|Any CPU
		{552A9A1E-2D11-4D2C-B88A-7D318E0E9BF4}.Release|x86.ActiveCfg = Release|Any CPU
		{542EFC95-C2E9-4C6D-B35C-E221F01D38AE}.Debug|Any CPU.ActiveCfg = Debug|Any CPU
		{542EFC95-C2E9-4C6D-B35C-E221F01D38AE}.Debug|Any CPU.Build.0 = Debug|Any CPU
		{542EFC95-C2E9-4C6D-B35C-E221F01D38AE}.Debug|Mixed Platforms.ActiveCfg = Debug|Any CPU
		{542EFC95-C2E9-4C6D-B35C-E221F01D38AE}.Debug|Mixed Platforms.Build.0 = Debug|Any CPU
		{542EFC95-C2E9-4C6D-B35C-E221F01D38AE}.Debug|x86.ActiveCfg = Debug|Any CPU
		{542EFC95-C2E9-4C6D-B35C-E221F01D38AE}.Release|Any CPU.ActiveCfg = Release|Any CPU
		{542EFC95-C2E9-4C6D-B35C-E221F01D38AE}.Release|Any CPU.Build.0 = Release|Any CPU
		{542EFC95-C2E9-4C6D-B35C-E221F01D38AE}.Release|Mixed Platforms.ActiveCfg = Release|Any CPU
		{542EFC95-C2E9-4C6D-B35C-E221F01D38AE}.Release|Mixed Platforms.Build.0 = Release|Any CPU
		{542EFC95-C2E9-4C6D-B35C-E221F01D38AE}.Release|x86.ActiveCfg = Release|Any CPU
		{30EB3C29-0AD3-4894-A8F5-4E9FB03A25C9}.Debug|Any CPU.ActiveCfg = Debug|Any CPU
		{30EB3C29-0AD3-4894-A8F5-4E9FB03A25C9}.Debug|Any CPU.Build.0 = Debug|Any CPU
		{30EB3C29-0AD3-4894-A8F5-4E9FB03A25C9}.Debug|Mixed Platforms.ActiveCfg = Debug|Any CPU
		{30EB3C29-0AD3-4894-A8F5-4E9FB03A25C9}.Debug|Mixed Platforms.Build.0 = Debug|Any CPU
		{30EB3C29-0AD3-4894-A8F5-4E9FB03A25C9}.Debug|x86.ActiveCfg = Debug|Any CPU
		{30EB3C29-0AD3-4894-A8F5-4E9FB03A25C9}.Release|Any CPU.ActiveCfg = Release|Any CPU
		{30EB3C29-0AD3-4894-A8F5-4E9FB03A25C9}.Release|Any CPU.Build.0 = Release|Any CPU
		{30EB3C29-0AD3-4894-A8F5-4E9FB03A25C9}.Release|Mixed Platforms.ActiveCfg = Release|Any CPU
		{30EB3C29-0AD3-4894-A8F5-4E9FB03A25C9}.Release|Mixed Platforms.Build.0 = Release|Any CPU
		{30EB3C29-0AD3-4894-A8F5-4E9FB03A25C9}.Release|x86.ActiveCfg = Release|Any CPU
		{C6EB34E8-2D2E-4405-BE3A-6F7B822B92EB}.Debug|Any CPU.ActiveCfg = Debug|Any CPU
		{C6EB34E8-2D2E-4405-BE3A-6F7B822B92EB}.Debug|Any CPU.Build.0 = Debug|Any CPU
		{C6EB34E8-2D2E-4405-BE3A-6F7B822B92EB}.Debug|Mixed Platforms.ActiveCfg = Debug|Any CPU
		{C6EB34E8-2D2E-4405-BE3A-6F7B822B92EB}.Debug|Mixed Platforms.Build.0 = Debug|Any CPU
		{C6EB34E8-2D2E-4405-BE3A-6F7B822B92EB}.Debug|x86.ActiveCfg = Debug|Any CPU
		{C6EB34E8-2D2E-4405-BE3A-6F7B822B92EB}.Release|Any CPU.ActiveCfg = Release|Any CPU
		{C6EB34E8-2D2E-4405-BE3A-6F7B822B92EB}.Release|Any CPU.Build.0 = Release|Any CPU
		{C6EB34E8-2D2E-4405-BE3A-6F7B822B92EB}.Release|Mixed Platforms.ActiveCfg = Release|Any CPU
		{C6EB34E8-2D2E-4405-BE3A-6F7B822B92EB}.Release|Mixed Platforms.Build.0 = Release|Any CPU
		{C6EB34E8-2D2E-4405-BE3A-6F7B822B92EB}.Release|x86.ActiveCfg = Release|Any CPU
		{F70D100C-9A11-42A4-93A7-47A844694D50}.Debug|Any CPU.ActiveCfg = Debug|Any CPU
		{F70D100C-9A11-42A4-93A7-47A844694D50}.Debug|Any CPU.Build.0 = Debug|Any CPU
		{F70D100C-9A11-42A4-93A7-47A844694D50}.Debug|Mixed Platforms.ActiveCfg = Debug|Any CPU
		{F70D100C-9A11-42A4-93A7-47A844694D50}.Debug|Mixed Platforms.Build.0 = Debug|Any CPU
		{F70D100C-9A11-42A4-93A7-47A844694D50}.Debug|x86.ActiveCfg = Debug|Any CPU
		{F70D100C-9A11-42A4-93A7-47A844694D50}.Release|Any CPU.ActiveCfg = Release|Any CPU
		{F70D100C-9A11-42A4-93A7-47A844694D50}.Release|Any CPU.Build.0 = Release|Any CPU
		{F70D100C-9A11-42A4-93A7-47A844694D50}.Release|Mixed Platforms.ActiveCfg = Release|Any CPU
		{F70D100C-9A11-42A4-93A7-47A844694D50}.Release|Mixed Platforms.Build.0 = Release|Any CPU
		{F70D100C-9A11-42A4-93A7-47A844694D50}.Release|x86.ActiveCfg = Release|Any CPU
		{4480950E-7BF7-4845-8E87-0F9F83E1746D}.Debug|Any CPU.ActiveCfg = Debug|Any CPU
		{4480950E-7BF7-4845-8E87-0F9F83E1746D}.Debug|Any CPU.Build.0 = Debug|Any CPU
		{4480950E-7BF7-4845-8E87-0F9F83E1746D}.Debug|Mixed Platforms.ActiveCfg = Debug|Any CPU
		{4480950E-7BF7-4845-8E87-0F9F83E1746D}.Debug|Mixed Platforms.Build.0 = Debug|Any CPU
		{4480950E-7BF7-4845-8E87-0F9F83E1746D}.Debug|x86.ActiveCfg = Debug|Any CPU
		{4480950E-7BF7-4845-8E87-0F9F83E1746D}.Release|Any CPU.ActiveCfg = Release|Any CPU
		{4480950E-7BF7-4845-8E87-0F9F83E1746D}.Release|Any CPU.Build.0 = Release|Any CPU
		{4480950E-7BF7-4845-8E87-0F9F83E1746D}.Release|Mixed Platforms.ActiveCfg = Release|Any CPU
		{4480950E-7BF7-4845-8E87-0F9F83E1746D}.Release|Mixed Platforms.Build.0 = Release|Any CPU
		{4480950E-7BF7-4845-8E87-0F9F83E1746D}.Release|x86.ActiveCfg = Release|Any CPU
		{051BDAAB-6AB7-4D12-A4CC-A723280281CD}.Debug|Any CPU.ActiveCfg = Debug|Any CPU
		{051BDAAB-6AB7-4D12-A4CC-A723280281CD}.Debug|Any CPU.Build.0 = Debug|Any CPU
		{051BDAAB-6AB7-4D12-A4CC-A723280281CD}.Debug|Mixed Platforms.ActiveCfg = Debug|Any CPU
		{051BDAAB-6AB7-4D12-A4CC-A723280281CD}.Debug|Mixed Platforms.Build.0 = Debug|Any CPU
		{051BDAAB-6AB7-4D12-A4CC-A723280281CD}.Debug|x86.ActiveCfg = Debug|Any CPU
		{051BDAAB-6AB7-4D12-A4CC-A723280281CD}.Release|Any CPU.ActiveCfg = Release|Any CPU
		{051BDAAB-6AB7-4D12-A4CC-A723280281CD}.Release|Any CPU.Build.0 = Release|Any CPU
		{051BDAAB-6AB7-4D12-A4CC-A723280281CD}.Release|Mixed Platforms.ActiveCfg = Release|Any CPU
		{051BDAAB-6AB7-4D12-A4CC-A723280281CD}.Release|Mixed Platforms.Build.0 = Release|Any CPU
		{051BDAAB-6AB7-4D12-A4CC-A723280281CD}.Release|x86.ActiveCfg = Release|Any CPU
		{78B9B198-7E2D-480B-8E0D-F195BD1C94F7}.Debug|Any CPU.ActiveCfg = Debug|Any CPU
		{78B9B198-7E2D-480B-8E0D-F195BD1C94F7}.Debug|Any CPU.Build.0 = Debug|Any CPU
		{78B9B198-7E2D-480B-8E0D-F195BD1C94F7}.Debug|Mixed Platforms.ActiveCfg = Debug|Any CPU
		{78B9B198-7E2D-480B-8E0D-F195BD1C94F7}.Debug|Mixed Platforms.Build.0 = Debug|Any CPU
		{78B9B198-7E2D-480B-8E0D-F195BD1C94F7}.Debug|x86.ActiveCfg = Debug|Any CPU
		{78B9B198-7E2D-480B-8E0D-F195BD1C94F7}.Release|Any CPU.ActiveCfg = Release|Any CPU
		{78B9B198-7E2D-480B-8E0D-F195BD1C94F7}.Release|Any CPU.Build.0 = Release|Any CPU
		{78B9B198-7E2D-480B-8E0D-F195BD1C94F7}.Release|Mixed Platforms.ActiveCfg = Release|Any CPU
		{78B9B198-7E2D-480B-8E0D-F195BD1C94F7}.Release|Mixed Platforms.Build.0 = Release|Any CPU
		{78B9B198-7E2D-480B-8E0D-F195BD1C94F7}.Release|x86.ActiveCfg = Release|Any CPU
		{09C53720-C84B-4462-A2C1-604E9DD0FCBD}.Debug|Any CPU.ActiveCfg = Debug|Any CPU
		{09C53720-C84B-4462-A2C1-604E9DD0FCBD}.Debug|Any CPU.Build.0 = Debug|Any CPU
		{09C53720-C84B-4462-A2C1-604E9DD0FCBD}.Debug|Mixed Platforms.ActiveCfg = Debug|Any CPU
		{09C53720-C84B-4462-A2C1-604E9DD0FCBD}.Debug|Mixed Platforms.Build.0 = Debug|Any CPU
		{09C53720-C84B-4462-A2C1-604E9DD0FCBD}.Debug|x86.ActiveCfg = Debug|Any CPU
		{09C53720-C84B-4462-A2C1-604E9DD0FCBD}.Release|Any CPU.ActiveCfg = Release|Any CPU
		{09C53720-C84B-4462-A2C1-604E9DD0FCBD}.Release|Any CPU.Build.0 = Release|Any CPU
		{09C53720-C84B-4462-A2C1-604E9DD0FCBD}.Release|Mixed Platforms.ActiveCfg = Release|Any CPU
		{09C53720-C84B-4462-A2C1-604E9DD0FCBD}.Release|Mixed Platforms.Build.0 = Release|Any CPU
		{09C53720-C84B-4462-A2C1-604E9DD0FCBD}.Release|x86.ActiveCfg = Release|Any CPU
		{C7668E19-E679-4FE4-8BBF-22C0131432B3}.Debug|Any CPU.ActiveCfg = Debug|Any CPU
		{C7668E19-E679-4FE4-8BBF-22C0131432B3}.Debug|Any CPU.Build.0 = Debug|Any CPU
		{C7668E19-E679-4FE4-8BBF-22C0131432B3}.Debug|Mixed Platforms.ActiveCfg = Debug|Any CPU
		{C7668E19-E679-4FE4-8BBF-22C0131432B3}.Debug|Mixed Platforms.Build.0 = Debug|Any CPU
		{C7668E19-E679-4FE4-8BBF-22C0131432B3}.Debug|x86.ActiveCfg = Debug|Any CPU
		{C7668E19-E679-4FE4-8BBF-22C0131432B3}.Release|Any CPU.ActiveCfg = Release|Any CPU
		{C7668E19-E679-4FE4-8BBF-22C0131432B3}.Release|Any CPU.Build.0 = Release|Any CPU
		{C7668E19-E679-4FE4-8BBF-22C0131432B3}.Release|Mixed Platforms.ActiveCfg = Release|Any CPU
		{C7668E19-E679-4FE4-8BBF-22C0131432B3}.Release|Mixed Platforms.Build.0 = Release|Any CPU
		{C7668E19-E679-4FE4-8BBF-22C0131432B3}.Release|x86.ActiveCfg = Release|Any CPU
		{D3320461-8502-4838-806F-8A8E328F2B5F}.Debug|Any CPU.ActiveCfg = Debug|Any CPU
		{D3320461-8502-4838-806F-8A8E328F2B5F}.Debug|Any CPU.Build.0 = Debug|Any CPU
		{D3320461-8502-4838-806F-8A8E328F2B5F}.Debug|Mixed Platforms.ActiveCfg = Debug|Any CPU
		{D3320461-8502-4838-806F-8A8E328F2B5F}.Debug|Mixed Platforms.Build.0 = Debug|Any CPU
		{D3320461-8502-4838-806F-8A8E328F2B5F}.Debug|x86.ActiveCfg = Debug|Any CPU
		{D3320461-8502-4838-806F-8A8E328F2B5F}.Release|Any CPU.ActiveCfg = Release|Any CPU
		{D3320461-8502-4838-806F-8A8E328F2B5F}.Release|Any CPU.Build.0 = Release|Any CPU
		{D3320461-8502-4838-806F-8A8E328F2B5F}.Release|Mixed Platforms.ActiveCfg = Release|Any CPU
		{D3320461-8502-4838-806F-8A8E328F2B5F}.Release|Mixed Platforms.Build.0 = Release|Any CPU
		{D3320461-8502-4838-806F-8A8E328F2B5F}.Release|x86.ActiveCfg = Release|Any CPU
		{E9A68F77-E061-4535-9F71-E6028F520D3F}.Debug|Any CPU.ActiveCfg = Debug|Any CPU
		{E9A68F77-E061-4535-9F71-E6028F520D3F}.Debug|Any CPU.Build.0 = Debug|Any CPU
		{E9A68F77-E061-4535-9F71-E6028F520D3F}.Debug|Mixed Platforms.ActiveCfg = Debug|Any CPU
		{E9A68F77-E061-4535-9F71-E6028F520D3F}.Debug|Mixed Platforms.Build.0 = Debug|Any CPU
		{E9A68F77-E061-4535-9F71-E6028F520D3F}.Debug|x86.ActiveCfg = Debug|Any CPU
		{E9A68F77-E061-4535-9F71-E6028F520D3F}.Release|Any CPU.ActiveCfg = Release|Any CPU
		{E9A68F77-E061-4535-9F71-E6028F520D3F}.Release|Any CPU.Build.0 = Release|Any CPU
		{E9A68F77-E061-4535-9F71-E6028F520D3F}.Release|Mixed Platforms.ActiveCfg = Release|Any CPU
		{E9A68F77-E061-4535-9F71-E6028F520D3F}.Release|Mixed Platforms.Build.0 = Release|Any CPU
		{E9A68F77-E061-4535-9F71-E6028F520D3F}.Release|x86.ActiveCfg = Release|Any CPU
		{F178D8FB-9CC2-401F-995C-F24170A5966D}.Debug|Any CPU.ActiveCfg = Debug|Any CPU
		{F178D8FB-9CC2-401F-995C-F24170A5966D}.Debug|Any CPU.Build.0 = Debug|Any CPU
		{F178D8FB-9CC2-401F-995C-F24170A5966D}.Debug|Mixed Platforms.ActiveCfg = Debug|Any CPU
		{F178D8FB-9CC2-401F-995C-F24170A5966D}.Debug|Mixed Platforms.Build.0 = Debug|Any CPU
		{F178D8FB-9CC2-401F-995C-F24170A5966D}.Debug|x86.ActiveCfg = Debug|Any CPU
		{F178D8FB-9CC2-401F-995C-F24170A5966D}.Release|Any CPU.ActiveCfg = Release|Any CPU
		{F178D8FB-9CC2-401F-995C-F24170A5966D}.Release|Any CPU.Build.0 = Release|Any CPU
		{F178D8FB-9CC2-401F-995C-F24170A5966D}.Release|Mixed Platforms.ActiveCfg = Release|Any CPU
		{F178D8FB-9CC2-401F-995C-F24170A5966D}.Release|Mixed Platforms.Build.0 = Release|Any CPU
		{F178D8FB-9CC2-401F-995C-F24170A5966D}.Release|x86.ActiveCfg = Release|Any CPU
		{B8F7CC54-E356-4D11-B2D7-F72DE478F148}.Debug|Any CPU.ActiveCfg = Debug|Any CPU
		{B8F7CC54-E356-4D11-B2D7-F72DE478F148}.Debug|Any CPU.Build.0 = Debug|Any CPU
		{B8F7CC54-E356-4D11-B2D7-F72DE478F148}.Debug|Mixed Platforms.ActiveCfg = Debug|Any CPU
		{B8F7CC54-E356-4D11-B2D7-F72DE478F148}.Debug|Mixed Platforms.Build.0 = Debug|Any CPU
		{B8F7CC54-E356-4D11-B2D7-F72DE478F148}.Debug|x86.ActiveCfg = Debug|Any CPU
		{B8F7CC54-E356-4D11-B2D7-F72DE478F148}.Release|Any CPU.ActiveCfg = Release|Any CPU
		{B8F7CC54-E356-4D11-B2D7-F72DE478F148}.Release|Any CPU.Build.0 = Release|Any CPU
		{B8F7CC54-E356-4D11-B2D7-F72DE478F148}.Release|Mixed Platforms.ActiveCfg = Release|Any CPU
		{B8F7CC54-E356-4D11-B2D7-F72DE478F148}.Release|Mixed Platforms.Build.0 = Release|Any CPU
		{B8F7CC54-E356-4D11-B2D7-F72DE478F148}.Release|x86.ActiveCfg = Release|Any CPU
		{8DD41B96-C538-4647-868D-CAEE10DE79E7}.Debug|Any CPU.ActiveCfg = Debug|Any CPU
		{8DD41B96-C538-4647-868D-CAEE10DE79E7}.Debug|Any CPU.Build.0 = Debug|Any CPU
		{8DD41B96-C538-4647-868D-CAEE10DE79E7}.Debug|Mixed Platforms.ActiveCfg = Debug|Any CPU
		{8DD41B96-C538-4647-868D-CAEE10DE79E7}.Debug|Mixed Platforms.Build.0 = Debug|Any CPU
		{8DD41B96-C538-4647-868D-CAEE10DE79E7}.Debug|x86.ActiveCfg = Debug|Any CPU
		{8DD41B96-C538-4647-868D-CAEE10DE79E7}.Release|Any CPU.ActiveCfg = Release|Any CPU
		{8DD41B96-C538-4647-868D-CAEE10DE79E7}.Release|Any CPU.Build.0 = Release|Any CPU
		{8DD41B96-C538-4647-868D-CAEE10DE79E7}.Release|Mixed Platforms.ActiveCfg = Release|Any CPU
		{8DD41B96-C538-4647-868D-CAEE10DE79E7}.Release|Mixed Platforms.Build.0 = Release|Any CPU
		{8DD41B96-C538-4647-868D-CAEE10DE79E7}.Release|x86.ActiveCfg = Release|Any CPU
		{39203931-67F5-411F-AE13-2F817081B4D6}.Debug|Any CPU.ActiveCfg = Debug|Any CPU
		{39203931-67F5-411F-AE13-2F817081B4D6}.Debug|Any CPU.Build.0 = Debug|Any CPU
		{39203931-67F5-411F-AE13-2F817081B4D6}.Debug|Mixed Platforms.ActiveCfg = Debug|Any CPU
		{39203931-67F5-411F-AE13-2F817081B4D6}.Debug|Mixed Platforms.Build.0 = Debug|Any CPU
		{39203931-67F5-411F-AE13-2F817081B4D6}.Debug|x86.ActiveCfg = Debug|Any CPU
		{39203931-67F5-411F-AE13-2F817081B4D6}.Release|Any CPU.ActiveCfg = Release|Any CPU
		{39203931-67F5-411F-AE13-2F817081B4D6}.Release|Any CPU.Build.0 = Release|Any CPU
		{39203931-67F5-411F-AE13-2F817081B4D6}.Release|Mixed Platforms.ActiveCfg = Release|Any CPU
		{39203931-67F5-411F-AE13-2F817081B4D6}.Release|Mixed Platforms.Build.0 = Release|Any CPU
		{39203931-67F5-411F-AE13-2F817081B4D6}.Release|x86.ActiveCfg = Release|Any CPU
		{DBDD30E4-E1FA-49F8-8A38-F8DF3E9E0D1D}.Debug|Any CPU.ActiveCfg = Debug|Any CPU
		{DBDD30E4-E1FA-49F8-8A38-F8DF3E9E0D1D}.Debug|Any CPU.Build.0 = Debug|Any CPU
		{DBDD30E4-E1FA-49F8-8A38-F8DF3E9E0D1D}.Debug|Mixed Platforms.ActiveCfg = Debug|Any CPU
		{DBDD30E4-E1FA-49F8-8A38-F8DF3E9E0D1D}.Debug|Mixed Platforms.Build.0 = Debug|Any CPU
		{DBDD30E4-E1FA-49F8-8A38-F8DF3E9E0D1D}.Debug|x86.ActiveCfg = Debug|Any CPU
		{DBDD30E4-E1FA-49F8-8A38-F8DF3E9E0D1D}.Release|Any CPU.ActiveCfg = Release|Any CPU
		{DBDD30E4-E1FA-49F8-8A38-F8DF3E9E0D1D}.Release|Any CPU.Build.0 = Release|Any CPU
		{DBDD30E4-E1FA-49F8-8A38-F8DF3E9E0D1D}.Release|Mixed Platforms.ActiveCfg = Release|Any CPU
		{DBDD30E4-E1FA-49F8-8A38-F8DF3E9E0D1D}.Release|Mixed Platforms.Build.0 = Release|Any CPU
		{DBDD30E4-E1FA-49F8-8A38-F8DF3E9E0D1D}.Release|x86.ActiveCfg = Release|Any CPU
		{D08D28FC-28A7-4596-93D1-00D7EB40863E}.Debug|Any CPU.ActiveCfg = Debug|Any CPU
		{D08D28FC-28A7-4596-93D1-00D7EB40863E}.Debug|Any CPU.Build.0 = Debug|Any CPU
		{D08D28FC-28A7-4596-93D1-00D7EB40863E}.Debug|Mixed Platforms.ActiveCfg = Debug|Any CPU
		{D08D28FC-28A7-4596-93D1-00D7EB40863E}.Debug|Mixed Platforms.Build.0 = Debug|Any CPU
		{D08D28FC-28A7-4596-93D1-00D7EB40863E}.Debug|x86.ActiveCfg = Debug|Any CPU
		{D08D28FC-28A7-4596-93D1-00D7EB40863E}.Release|Any CPU.ActiveCfg = Release|Any CPU
		{D08D28FC-28A7-4596-93D1-00D7EB40863E}.Release|Any CPU.Build.0 = Release|Any CPU
		{D08D28FC-28A7-4596-93D1-00D7EB40863E}.Release|Mixed Platforms.ActiveCfg = Release|Any CPU
		{D08D28FC-28A7-4596-93D1-00D7EB40863E}.Release|Mixed Platforms.Build.0 = Release|Any CPU
		{D08D28FC-28A7-4596-93D1-00D7EB40863E}.Release|x86.ActiveCfg = Release|Any CPU
		{42BE8545-C8C0-43EB-8073-5C3E327C704F}.Debug|Any CPU.ActiveCfg = Debug|Any CPU
		{42BE8545-C8C0-43EB-8073-5C3E327C704F}.Debug|Any CPU.Build.0 = Debug|Any CPU
		{42BE8545-C8C0-43EB-8073-5C3E327C704F}.Debug|Mixed Platforms.ActiveCfg = Debug|Any CPU
		{42BE8545-C8C0-43EB-8073-5C3E327C704F}.Debug|Mixed Platforms.Build.0 = Debug|Any CPU
		{42BE8545-C8C0-43EB-8073-5C3E327C704F}.Debug|x86.ActiveCfg = Debug|Any CPU
		{42BE8545-C8C0-43EB-8073-5C3E327C704F}.Release|Any CPU.ActiveCfg = Release|Any CPU
		{42BE8545-C8C0-43EB-8073-5C3E327C704F}.Release|Any CPU.Build.0 = Release|Any CPU
		{42BE8545-C8C0-43EB-8073-5C3E327C704F}.Release|Mixed Platforms.ActiveCfg = Release|Any CPU
		{42BE8545-C8C0-43EB-8073-5C3E327C704F}.Release|Mixed Platforms.Build.0 = Release|Any CPU
		{42BE8545-C8C0-43EB-8073-5C3E327C704F}.Release|x86.ActiveCfg = Release|Any CPU
		{3EE22168-AACA-4032-80E8-A6A83F5A09B5}.Debug|Any CPU.ActiveCfg = Debug|Any CPU
		{3EE22168-AACA-4032-80E8-A6A83F5A09B5}.Debug|Any CPU.Build.0 = Debug|Any CPU
		{3EE22168-AACA-4032-80E8-A6A83F5A09B5}.Debug|Mixed Platforms.ActiveCfg = Debug|Any CPU
		{3EE22168-AACA-4032-80E8-A6A83F5A09B5}.Debug|Mixed Platforms.Build.0 = Debug|Any CPU
		{3EE22168-AACA-4032-80E8-A6A83F5A09B5}.Debug|x86.ActiveCfg = Debug|Any CPU
		{3EE22168-AACA-4032-80E8-A6A83F5A09B5}.Release|Any CPU.ActiveCfg = Release|Any CPU
		{3EE22168-AACA-4032-80E8-A6A83F5A09B5}.Release|Any CPU.Build.0 = Release|Any CPU
		{3EE22168-AACA-4032-80E8-A6A83F5A09B5}.Release|Mixed Platforms.ActiveCfg = Release|Any CPU
		{3EE22168-AACA-4032-80E8-A6A83F5A09B5}.Release|Mixed Platforms.Build.0 = Release|Any CPU
		{3EE22168-AACA-4032-80E8-A6A83F5A09B5}.Release|x86.ActiveCfg = Release|Any CPU
	EndGlobalSection
	GlobalSection(SolutionProperties) = preSolution
		HideSolutionNode = FALSE
	EndGlobalSection
	GlobalSection(NestedProjects) = preSolution
		{AA7AFAF5-2C8A-49BC-9978-26ED3F870417} = {273FF589-DE8E-4C86-A39E-FB14A6AF5261}
		{EFB929D0-CE24-4BE1-8CE9-52F14558C8F7} = {21FA1399-420C-41E7-97AB-1303D0CF45E3}
		{C5CB1D1D-EC9E-4FA1-B72B-703B8A812081} = {21FA1399-420C-41E7-97AB-1303D0CF45E3}
		{A1AD627E-4821-4185-9AE6-228AD12023A5} = {21FA1399-420C-41E7-97AB-1303D0CF45E3}
		{8BC8963B-FF5F-4394-B58C-B4C70A3760EE} = {21FA1399-420C-41E7-97AB-1303D0CF45E3}
		{30EB3C29-0AD3-4894-A8F5-4E9FB03A25C9} = {B50905E4-7868-40D0-A1FE-9E697318C824}
		{C6EB34E8-2D2E-4405-BE3A-6F7B822B92EB} = {B50905E4-7868-40D0-A1FE-9E697318C824}
		{542EFC95-C2E9-4C6D-B35C-E221F01D38AE} = {BED482CD-D7D7-4CC7-B0C6-11A30916F2C1}
		{552A9A1E-2D11-4D2C-B88A-7D318E0E9BF4} = {E2DF3D1A-BE80-42CD-A533-15442B320C25}
		{78B9B198-7E2D-480B-8E0D-F195BD1C94F7} = {12D34011-0137-4A9A-B0C1-7DFFB572E35D}
		{09C53720-C84B-4462-A2C1-604E9DD0FCBD} = {12D34011-0137-4A9A-B0C1-7DFFB572E35D}
		{C7668E19-E679-4FE4-8BBF-22C0131432B3} = {12D34011-0137-4A9A-B0C1-7DFFB572E35D}
		{D3320461-8502-4838-806F-8A8E328F2B5F} = {12D34011-0137-4A9A-B0C1-7DFFB572E35D}
		{F70D100C-9A11-42A4-93A7-47A844694D50} = {EFB929D0-CE24-4BE1-8CE9-52F14558C8F7}
		{4480950E-7BF7-4845-8E87-0F9F83E1746D} = {C5CB1D1D-EC9E-4FA1-B72B-703B8A812081}
		{E9A68F77-E061-4535-9F71-E6028F520D3F} = {C5CB1D1D-EC9E-4FA1-B72B-703B8A812081}
		{F178D8FB-9CC2-401F-995C-F24170A5966D} = {C5CB1D1D-EC9E-4FA1-B72B-703B8A812081}
		{D08D28FC-28A7-4596-93D1-00D7EB40863E} = {C5CB1D1D-EC9E-4FA1-B72B-703B8A812081}
		{051BDAAB-6AB7-4D12-A4CC-A723280281CD} = {A1AD627E-4821-4185-9AE6-228AD12023A5}
		{B8F7CC54-E356-4D11-B2D7-F72DE478F148} = {A1AD627E-4821-4185-9AE6-228AD12023A5}
		{8DD41B96-C538-4647-868D-CAEE10DE79E7} = {A1AD627E-4821-4185-9AE6-228AD12023A5}
		{39203931-67F5-411F-AE13-2F817081B4D6} = {0592114A-502C-410E-9887-949B6C7A4D70}
		{DBDD30E4-E1FA-49F8-8A38-F8DF3E9E0D1D} = {0592114A-502C-410E-9887-949B6C7A4D70}
		{42BE8545-C8C0-43EB-8073-5C3E327C704F} = {8BC8963B-FF5F-4394-B58C-B4C70A3760EE}
		{3EE22168-AACA-4032-80E8-A6A83F5A09B5} = {8BC8963B-FF5F-4394-B58C-B4C70A3760EE}
	EndGlobalSection
EndGlobal
