
Microsoft Visual Studio Solution File, Format Version 11.00
# Visual Studio 2010
Project("{2150E333-8FDC-42A3-9474-1A3956D46DE8}") = "Solution Items", "Solution Items", "{5953E512-A1EF-47DA-BDB2-63DC7A3DE05E}"
EndProject
Project("{2150E333-8FDC-42A3-9474-1A3956D46DE8}") = "1. Presentation Layer", "1. Presentation Layer", "{6DA2DCF6-1336-4789-B8F9-26EE0A234316}"
EndProject
Project("{2150E333-8FDC-42A3-9474-1A3956D46DE8}") = "2. Hosting Layer", "2. Hosting Layer", "{D8081982-5E66-4472-B3DA-7E289BC3876B}"
EndProject
Project("{2150E333-8FDC-42A3-9474-1A3956D46DE8}") = "3. Service Layer", "3. Service Layer", "{CB0B07AB-630E-4645-8669-2718C468E362}"
EndProject
Project("{2150E333-8FDC-42A3-9474-1A3956D46DE8}") = "4. Business Layer", "4. Business Layer", "{1E4CAD64-47DE-42B0-97F2-755BB9C1C240}"
EndProject
Project("{2150E333-8FDC-42A3-9474-1A3956D46DE8}") = "5. Data Layer", "5. Data Layer", "{BA01FF98-63C8-4C0A-9F92-FEA51EFCC701}"
EndProject
Project("{2150E333-8FDC-42A3-9474-1A3956D46DE8}") = "Framework", "Framework", "{5812AFFB-F293-4180-B835-66EDCF19CA6F}"
EndProject
Project("{FAE04EC0-301F-11D3-BF4B-00C04F79EFBC}") = "ActionService", "ActionService\ActionService.csproj", "{C2E3EAC1-14F2-4427-A38E-619872658B71}"
EndProject
Project("{FAE04EC0-301F-11D3-BF4B-00C04F79EFBC}") = "ImageService", "ImageService\ImageService.csproj", "{90DA3B64-9671-4CCE-AE9F-032E2C0656EE}"
EndProject
Project("{FAE04EC0-301F-11D3-BF4B-00C04F79EFBC}") = "BusinessObjects", "BusinessObjects\BusinessObjects.csproj", "{77E3514D-AC8F-4B85-BD00-F8F643092D99}"
EndProject
Project("{FAE04EC0-301F-11D3-BF4B-00C04F79EFBC}") = "DataObjects", "DataObjects\DataObjects.csproj", "{9B242405-55A5-4426-9E26-76F1317E17F3}"
EndProject
Project("{FAE04EC0-301F-11D3-BF4B-00C04F79EFBC}") = "Cart", "Cart\Cart.csproj", "{D7495102-8813-4FBF-8F9F-5BDC485874B4}"
EndProject
Project("{FAE04EC0-301F-11D3-BF4B-00C04F79EFBC}") = "Crypto", "Crypto\Crypto.csproj", "{A9A6B9B9-F41A-4F1D-9487-3E880ABD35C0}"
EndProject
Project("{FAE04EC0-301F-11D3-BF4B-00C04F79EFBC}") = "Log", "Log\Log.csproj", "{E0326B80-1C36-46E8-8115-EDD6F4B86CD4}"
EndProject
Project("{FAE04EC0-301F-11D3-BF4B-00C04F79EFBC}") = "Transactions", "Transactions\Transactions.csproj", "{2AD8041A-89E6-45FE-ADEE-CA502CE0AD53}"
EndProject
Global
	GlobalSection(SolutionConfigurationPlatforms) = preSolution
		Debug|Any CPU = Debug|Any CPU
		Release|Any CPU = Release|Any CPU
	EndGlobalSection
	GlobalSection(ProjectConfigurationPlatforms) = postSolution
		{C2E3EAC1-14F2-4427-A38E-619872658B71}.Debug|Any CPU.ActiveCfg = Debug|Any CPU
		{C2E3EAC1-14F2-4427-A38E-619872658B71}.Debug|Any CPU.Build.0 = Debug|Any CPU
		{C2E3EAC1-14F2-4427-A38E-619872658B71}.Release|Any CPU.ActiveCfg = Release|Any CPU
		{C2E3EAC1-14F2-4427-A38E-619872658B71}.Release|Any CPU.Build.0 = Release|Any CPU
		{90DA3B64-9671-4CCE-AE9F-032E2C0656EE}.Debug|Any CPU.ActiveCfg = Debug|Any CPU
		{90DA3B64-9671-4CCE-AE9F-032E2C0656EE}.Debug|Any CPU.Build.0 = Debug|Any CPU
		{90DA3B64-9671-4CCE-AE9F-032E2C0656EE}.Release|Any CPU.ActiveCfg = Release|Any CPU
		{90DA3B64-9671-4CCE-AE9F-032E2C0656EE}.Release|Any CPU.Build.0 = Release|Any CPU
		{77E3514D-AC8F-4B85-BD00-F8F643092D99}.Debug|Any CPU.ActiveCfg = Debug|Any CPU
		{77E3514D-AC8F-4B85-BD00-F8F643092D99}.Debug|Any CPU.Build.0 = Debug|Any CPU
		{77E3514D-AC8F-4B85-BD00-F8F643092D99}.Release|Any CPU.ActiveCfg = Release|Any CPU
		{77E3514D-AC8F-4B85-BD00-F8F643092D99}.Release|Any CPU.Build.0 = Release|Any CPU
		{9B242405-55A5-4426-9E26-76F1317E17F3}.Debug|Any CPU.ActiveCfg = Debug|Any CPU
		{9B242405-55A5-4426-9E26-76F1317E17F3}.Debug|Any CPU.Build.0 = Debug|Any CPU
		{9B242405-55A5-4426-9E26-76F1317E17F3}.Release|Any CPU.ActiveCfg = Release|Any CPU
		{9B242405-55A5-4426-9E26-76F1317E17F3}.Release|Any CPU.Build.0 = Release|Any CPU
		{D7495102-8813-4FBF-8F9F-5BDC485874B4}.Debug|Any CPU.ActiveCfg = Debug|Any CPU
		{D7495102-8813-4FBF-8F9F-5BDC485874B4}.Debug|Any CPU.Build.0 = Debug|Any CPU
		{D7495102-8813-4FBF-8F9F-5BDC485874B4}.Release|Any CPU.ActiveCfg = Release|Any CPU
		{D7495102-8813-4FBF-8F9F-5BDC485874B4}.Release|Any CPU.Build.0 = Release|Any CPU
		{A9A6B9B9-F41A-4F1D-9487-3E880ABD35C0}.Debug|Any CPU.ActiveCfg = Debug|Any CPU
		{A9A6B9B9-F41A-4F1D-9487-3E880ABD35C0}.Debug|Any CPU.Build.0 = Debug|Any CPU
		{A9A6B9B9-F41A-4F1D-9487-3E880ABD35C0}.Release|Any CPU.ActiveCfg = Release|Any CPU
		{A9A6B9B9-F41A-4F1D-9487-3E880ABD35C0}.Release|Any CPU.Build.0 = Release|Any CPU
		{E0326B80-1C36-46E8-8115-EDD6F4B86CD4}.Debug|Any CPU.ActiveCfg = Debug|Any CPU
		{E0326B80-1C36-46E8-8115-EDD6F4B86CD4}.Debug|Any CPU.Build.0 = Debug|Any CPU
		{E0326B80-1C36-46E8-8115-EDD6F4B86CD4}.Release|Any CPU.ActiveCfg = Release|Any CPU
		{E0326B80-1C36-46E8-8115-EDD6F4B86CD4}.Release|Any CPU.Build.0 = Release|Any CPU
		{2AD8041A-89E6-45FE-ADEE-CA502CE0AD53}.Debug|Any CPU.ActiveCfg = Debug|Any CPU
		{2AD8041A-89E6-45FE-ADEE-CA502CE0AD53}.Debug|Any CPU.Build.0 = Debug|Any CPU
		{2AD8041A-89E6-45FE-ADEE-CA502CE0AD53}.Release|Any CPU.ActiveCfg = Release|Any CPU
		{2AD8041A-89E6-45FE-ADEE-CA502CE0AD53}.Release|Any CPU.Build.0 = Release|Any CPU
	EndGlobalSection
	GlobalSection(SolutionProperties) = preSolution
		HideSolutionNode = FALSE
	EndGlobalSection
	GlobalSection(NestedProjects) = preSolution
		{C2E3EAC1-14F2-4427-A38E-619872658B71} = {CB0B07AB-630E-4645-8669-2718C468E362}
		{90DA3B64-9671-4CCE-AE9F-032E2C0656EE} = {CB0B07AB-630E-4645-8669-2718C468E362}
		{77E3514D-AC8F-4B85-BD00-F8F643092D99} = {1E4CAD64-47DE-42B0-97F2-755BB9C1C240}
		{9B242405-55A5-4426-9E26-76F1317E17F3} = {BA01FF98-63C8-4C0A-9F92-FEA51EFCC701}
		{D7495102-8813-4FBF-8F9F-5BDC485874B4} = {5812AFFB-F293-4180-B835-66EDCF19CA6F}
		{A9A6B9B9-F41A-4F1D-9487-3E880ABD35C0} = {5812AFFB-F293-4180-B835-66EDCF19CA6F}
		{E0326B80-1C36-46E8-8115-EDD6F4B86CD4} = {5812AFFB-F293-4180-B835-66EDCF19CA6F}
		{2AD8041A-89E6-45FE-ADEE-CA502CE0AD53} = {5812AFFB-F293-4180-B835-66EDCF19CA6F}
	EndGlobalSection
EndGlobal
